<?xml version="1.0" encoding="utf-8"?>
<Project ToolsVersion="4.0" xmlns="http://schemas.microsoft.com/developer/msbuild/2003">
  <ItemGroup>
    <Filter Include="Source Files">
      <UniqueIdentifier>{4FC737F1-C7A5-4376-A066-2A32D752A2FF}</UniqueIdentifier>
      <Extensions>qml;cpp;c;cc;cxx;def;odl;idl;hpj;bat;asm;asmx</Extensions>
    </Filter>
    <Filter Include="Header Files">
      <UniqueIdentifier>{93995380-89BD-4b04-88EB-625FBE52EBFB}</UniqueIdentifier>
      <Extensions>h;hh;hpp;hxx;hm;inl;inc;xsd</Extensions>
    </Filter>
    <Filter Include="Resource Files">
      <UniqueIdentifier>{67DA6AB6-F800-4c08-8B7A-83BB121AAD01}</UniqueIdentifier>
      <Extensions>qrc;rc;ico;cur;bmp;dlg;rc2;rct;bin;rgs;gif;jpg;jpeg;jpe;resx;tiff;tif;png;wav;mfcribbon-ms</Extensions>
    </Filter>
    <Filter Include="Form Files">
      <UniqueIdentifier>{99349809-55BA-4b9d-BF79-8FDBB0286EB3}</UniqueIdentifier>
      <Extensions>ui</Extensions>
    </Filter>
    <Filter Include="Translation Files">
      <UniqueIdentifier>{639EADAA-A684-42e4-A9AD-28FC9BCB8F7C}</UniqueIdentifier>
      <Extensions>ts</Extensions>
    </Filter>
  </ItemGroup>
  <ItemGroup>
    <QtRcc Include="BankApp.qrc">
      <Filter>Resource Files</Filter>
    </QtRcc>
    <QtUic Include="./src/ui/BankMainWindow.ui">
      <Filter>Form Files</Filter>
    </QtUic>
    <ClCompile Include="./src/core/src/BankApp.cpp">
      <Filter>Source Files</Filter>
    </ClCompile>
  </ItemGroup>
  <ItemGroup>
    <ClCompile Include="./src/main.cpp">
      <Filter>Source Files</Filter>
    </ClCompile>
    <ClCompile Include="./src/core/src/AccountBalance.cpp">
      <Filter>Source Files</Filter>
    </ClCompile>
    <ClCompile Include="./src/core/src/Deposit.cpp">
      <Filter>Source Files</Filter>
    </ClCompile>
    <ClCompile Include="./src/core/src/LastTransactions.cpp">
      <Filter>Source Files</Filter>
    </ClCompile>
    <ClCompile Include="./src/core/src/LoggedInWindow.cpp">
      <Filter>Source Files</Filter>
    </ClCompile>
    <ClCompile Include="./src/core/src/LoginWindow.cpp">
      <Filter>Source Files</Filter>
    </ClCompile>
    <ClCompile Include="./src/core/src/Osoba.cpp">
      <Filter>Source Files</Filter>
    </ClCompile>
    <ClCompile Include="./src/core/src/PinChange.cpp">
      <Filter>Source Files</Filter>
    </ClCompile>
    <ClCompile Include="./src/core/src/QuickCash.cpp">
      <Filter>Source Files</Filter>
    </ClCompile>
    <ClCompile Include="./src/core/src/SignUpWindow.cpp">
      <Filter>Source Files</Filter>
    </ClCompile>
    <ClCompile Include="./src/core/src/Withdraw.cpp">
      <Filter>Source Files</Filter>
    </ClCompile>
    <ClCompile Include="./src/core/src/LoginBankomat.cpp">
      <Filter>Source Files</Filter>
    </ClCompile>
    <ClCompile Include="./src/core/src/Transfer.cpp">
      <Filter>Source Files</Filter>
    </ClCompile>
    <ClCompile Include="./src/core/src/BankomatLoggedIn.cpp">
      <Filter>Source Files</Filter>
    </ClCompile>
    <ClCompile Include="./src/core/src/DepositBankomat.cpp">
      <Filter>Source Files</Filter>
    </ClCompile>
    <ClCompile Include="./src/core/src/WithdrawBankomat.cpp">
      <Filter>Source Files</Filter>
    </ClCompile>
    <ClCompile Include="./src/core/src/AdminPanel.cpp">
      <Filter>Source Files</Filter>
    </ClCompile>
  </ItemGroup>
  <ItemGroup>
    <QtUic Include="./src/ui/BalanceWindow.ui">
      <Filter>Form Files</Filter>
    </QtUic>
    <QtUic Include="./src/ui/BankomatWindow.ui">
      <Filter>Form Files</Filter>
    </QtUic>
    <QtUic Include="./src/ui/ChangePinWindow.ui">
      <Filter>Form Files</Filter>
    </QtUic>
    <QtUic Include="./src/ui/DepositWindow.ui">
      <Filter>Form Files</Filter>
    </QtUic>
    <QtUic Include="./src/ui/LastTransactionsWindow.ui">
      <Filter>Form Files</Filter>
    </QtUic>
    <QtUic Include="./src/ui/LoggedInWindow.ui">
      <Filter>Form Files</Filter>
    </QtUic>
    <QtUic Include="./src/ui/LoginWindow.ui">
      <Filter>Form Files</Filter>
    </QtUic>
    <QtUic Include="./src/ui/QuickCashWindow.ui">
      <Filter>Form Files</Filter>
    </QtUic>
    <QtUic Include="./src/ui/SignUpWindow.ui">
      <Filter>Form Files</Filter>
    </QtUic>
    <QtUic Include="./src/ui/WithdrawWindow.ui">
      <Filter>Form Files</Filter>
    </QtUic>
    <QtUic Include="./src/ui/LoginBankomat.ui">
      <Filter>Form Files</Filter>
    </QtUic>
    <QtUic Include="./src/ui/TransferWindow.ui">
      <Filter>Form Files</Filter>
    </QtUic>
    <QtUic Include="./src/ui/DepositBankomatWindow.ui">
      <Filter>Form Files</Filter>
    </QtUic>
    <QtUic Include="./src/ui/WithdrawBankomatWindow.ui">
      <Filter>Form Files</Filter>
    </QtUic>
    <QtUic Include="./src/ui/AdminPanelWindow.ui">
      <Filter>Form Files</Filter>
    </QtUic>
  </ItemGroup>
  <ItemGroup>
    <QtMoc Include="./src/core/include/BankApp.h">
      <Filter>Header Files</Filter>
    </QtMoc>
    <QtMoc Include="./src/core/include/AccountBalance.h">
      <Filter>Header Files</Filter>
    </QtMoc>
    <QtMoc Include="./src/core/include/Deposit.h">
      <Filter>Header Files</Filter>
    </QtMoc>
    <QtMoc Include="./src/core/include/LastTransactions.h">
      <Filter>Header Files</Filter>
    </QtMoc>
    <QtMoc Include="./src/core/include/LoggedInWindow.h">
      <Filter>Header Files</Filter>
    </QtMoc>
    <QtMoc Include="./src/core/include/LoginWindow.h">
      <Filter>Header Files</Filter>
    </QtMoc>
    <QtMoc Include="./src/core/include/WithdrawBankomat.h">
      <Filter>Header Files</Filter>
    </QtMoc>
    <QtMoc Include="./src/core/include/LoginBankomat.h">
      <Filter>Header Files</Filter>
    </QtMoc>
    <QtMoc Include="./src/core/include/BankomatLoggedIn.h">
      <Filter>Header Files</Filter>
    </QtMoc>
    <QtMoc Include="./src/core/include/DepositBankomat.h">
      <Filter>Header Files</Filter>
    </QtMoc>
    <QtMoc Include="./src/core/include/AdminPanel.h">
      <Filter>Header Files</Filter>
    </QtMoc>
    <QtMoc Include="./src/core/include/Transfer.h">
      <Filter>Header Files</Filter>
    </QtMoc>
    <QtMoc Include="./src/core/include/Withdraw.h">
      <Filter>Header Files</Filter>
    </QtMoc>
    <QtMoc Include="./src/core/include/SignUpWindow.h">
      <Filter>Header Files</Filter>
    </QtMoc>
    <QtMoc Include="./src/core/include/QuickCash.h">
      <Filter>Header Files</Filter>
    </QtMoc>
    <QtMoc Include="./src/core/include/PinChange.h">
      <Filter>Header Files</Filter>
    </QtMoc>
  </ItemGroup>
  <ItemGroup>
    <ClInclude Include="./src/core/include/Osoba.h">
      <Filter>Header Files</Filter>
    </ClInclude>
  </ItemGroup>
</Project>